
Microsoft Visual Studio Solution File, Format Version 12.00
# Visual Studio Version 17
VisualStudioVersion = 17.4.33213.308
MinimumVisualStudioVersion = 10.0.40219.1
Project("{FAE04EC0-301F-11D3-BF4B-00C04F79EFBC}") = "WindowsFormsAppCalculator", "WindowsFormsAppCalculator\WindowsFormsAppCalculator.csproj", "{74460402-75C9-40BC-86DA-B1943BE1BC66}"
EndProject
Global
	GlobalSection(SolutionConfigurationPlatforms) = preSolution
		Debug|Any CPU = Debug|Any CPU
		Release|Any CPU = Release|Any CPU
	EndGlobalSection
	GlobalSection(ProjectConfigurationPlatforms) = postSolution
		{74460402-75C9-40BC-86DA-B1943BE1BC66}.Debug|Any CPU.ActiveCfg = Debug|Any CPU
		{74460402-75C9-40BC-86DA-B1943BE1BC66}.Debug|Any CPU.Build.0 = Debug|Any CPU
		{74460402-75C9-40BC-86DA-B1943BE1BC66}.Release|Any CPU.ActiveCfg = Release|Any CPU
		{74460402-75C9-40BC-86DA-B1943BE1BC66}.Release|Any CPU.Build.0 = Release|Any CPU
	EndGlobalSection
	GlobalSection(SolutionProperties) = preSolution
		HideSolutionNode = FALSE
	EndGlobalSection
	GlobalSection(ExtensibilityGlobals) = postSolution
		SolutionGuid = {5AFF7D24-3B48-441C-80D9-0DBF69050086}
	EndGlobalSection
EndGlobal
